
Microsoft Visual Studio Solution File, Format Version 12.00
# Visual Studio Version 17
VisualStudioVersion = 17.3.32929.385
MinimumVisualStudioVersion = 10.0.40219.1
Project("{9A19103F-16F7-4668-BE54-9A1E7A4F7556}") = "01.ClassPerson", "ClassPerson\01.ClassPerson.csproj", "{A88071C4-3B2B-4219-BE69-8219B7ACD293}"
EndProject
Project("{9A19103F-16F7-4668-BE54-9A1E7A4F7556}") = "02.CreatingConstructors", "CreatingConstructors\02.CreatingConstructors.csproj", "{A084A0E1-A21F-49B8-9A0B-E9226AACF9DF}"
EndProject
Project("{9A19103F-16F7-4668-BE54-9A1E7A4F7556}") = "03.OldestFamilyMember", "OldestFamilyMember\03.OldestFamilyMember.csproj", "{51390CE0-3738-46A2-8C9E-03BCCA4207CA}"
EndProject
Project("{9A19103F-16F7-4668-BE54-9A1E7A4F7556}") = "04.OpinionPoll", "OpinionPoll\04.OpinionPoll.csproj", "{BD738BFA-B825-40AD-A968-E6A8B92DE003}"
EndProject
Project("{9A19103F-16F7-4668-BE54-9A1E7A4F7556}") = "05.DateModifier", "DateModifier\05.DateModifier.csproj", "{73A1FDEA-DE00-4C43-9A28-ADB3BF4DA850}"
EndProject
Project("{9A19103F-16F7-4668-BE54-9A1E7A4F7556}") = "06.SpeedRacing", "SpeedRacing\06.SpeedRacing.csproj", "{B12DE759-1F17-4119-B47A-4B1CCEAEF9CD}"
EndProject
Project("{9A19103F-16F7-4668-BE54-9A1E7A4F7556}") = "07.RawData", "RawData\07.RawData.csproj", "{E7339FEC-BECF-408A-A2E2-FB71263B4F0B}"
EndProject
Project("{FAE04EC0-301F-11D3-BF4B-00C04F79EFBC}") = "08.CarSalesman", "CarSalesman\08.CarSalesman.csproj", "{EF3B6739-9778-4EBC-BB6A-382159F8F01A}"
EndProject
Project("{FAE04EC0-301F-11D3-BF4B-00C04F79EFBC}") = "09.PokemonTrainer", "PokemonTrainer\09.PokemonTrainer.csproj", "{477D51DF-D93C-42A1-AF91-BA329DCE8DDE}"
EndProject
Project("{FAE04EC0-301F-11D3-BF4B-00C04F79EFBC}") = "10.SoftUniParking", "SoftUniParking\10.SoftUniParking.csproj", "{15CB49A6-263D-4CDC-B256-1F6C0C935354}"
EndProject
Global
	GlobalSection(SolutionConfigurationPlatforms) = preSolution
		Debug|Any CPU = Debug|Any CPU
		Release|Any CPU = Release|Any CPU
	EndGlobalSection
	GlobalSection(ProjectConfigurationPlatforms) = postSolution
		{A88071C4-3B2B-4219-BE69-8219B7ACD293}.Debug|Any CPU.ActiveCfg = Debug|Any CPU
		{A88071C4-3B2B-4219-BE69-8219B7ACD293}.Debug|Any CPU.Build.0 = Debug|Any CPU
		{A88071C4-3B2B-4219-BE69-8219B7ACD293}.Release|Any CPU.ActiveCfg = Release|Any CPU
		{A88071C4-3B2B-4219-BE69-8219B7ACD293}.Release|Any CPU.Build.0 = Release|Any CPU
		{A084A0E1-A21F-49B8-9A0B-E9226AACF9DF}.Debug|Any CPU.ActiveCfg = Debug|Any CPU
		{A084A0E1-A21F-49B8-9A0B-E9226AACF9DF}.Debug|Any CPU.Build.0 = Debug|Any CPU
		{A084A0E1-A21F-49B8-9A0B-E9226AACF9DF}.Release|Any CPU.ActiveCfg = Release|Any CPU
		{A084A0E1-A21F-49B8-9A0B-E9226AACF9DF}.Release|Any CPU.Build.0 = Release|Any CPU
		{51390CE0-3738-46A2-8C9E-03BCCA4207CA}.Debug|Any CPU.ActiveCfg = Debug|Any CPU
		{51390CE0-3738-46A2-8C9E-03BCCA4207CA}.Debug|Any CPU.Build.0 = Debug|Any CPU
		{51390CE0-3738-46A2-8C9E-03BCCA4207CA}.Release|Any CPU.ActiveCfg = Release|Any CPU
		{51390CE0-3738-46A2-8C9E-03BCCA4207CA}.Release|Any CPU.Build.0 = Release|Any CPU
		{BD738BFA-B825-40AD-A968-E6A8B92DE003}.Debug|Any CPU.ActiveCfg = Debug|Any CPU
		{BD738BFA-B825-40AD-A968-E6A8B92DE003}.Debug|Any CPU.Build.0 = Debug|Any CPU
		{BD738BFA-B825-40AD-A968-E6A8B92DE003}.Release|Any CPU.ActiveCfg = Release|Any CPU
		{BD738BFA-B825-40AD-A968-E6A8B92DE003}.Release|Any CPU.Build.0 = Release|Any CPU
		{73A1FDEA-DE00-4C43-9A28-ADB3BF4DA850}.Debug|Any CPU.ActiveCfg = Debug|Any CPU
		{73A1FDEA-DE00-4C43-9A28-ADB3BF4DA850}.Debug|Any CPU.Build.0 = Debug|Any CPU
		{73A1FDEA-DE00-4C43-9A28-ADB3BF4DA850}.Release|Any CPU.ActiveCfg = Release|Any CPU
		{73A1FDEA-DE00-4C43-9A28-ADB3BF4DA850}.Release|Any CPU.Build.0 = Release|Any CPU
		{B12DE759-1F17-4119-B47A-4B1CCEAEF9CD}.Debug|Any CPU.ActiveCfg = Debug|Any CPU
		{B12DE759-1F17-4119-B47A-4B1CCEAEF9CD}.Debug|Any CPU.Build.0 = Debug|Any CPU
		{B12DE759-1F17-4119-B47A-4B1CCEAEF9CD}.Release|Any CPU.ActiveCfg = Release|Any CPU
		{B12DE759-1F17-4119-B47A-4B1CCEAEF9CD}.Release|Any CPU.Build.0 = Release|Any CPU
		{E7339FEC-BECF-408A-A2E2-FB71263B4F0B}.Debug|Any CPU.ActiveCfg = Debug|Any CPU
		{E7339FEC-BECF-408A-A2E2-FB71263B4F0B}.Debug|Any CPU.Build.0 = Debug|Any CPU
		{E7339FEC-BECF-408A-A2E2-FB71263B4F0B}.Release|Any CPU.ActiveCfg = Release|Any CPU
		{E7339FEC-BECF-408A-A2E2-FB71263B4F0B}.Release|Any CPU.Build.0 = Release|Any CPU
		{EF3B6739-9778-4EBC-BB6A-382159F8F01A}.Debug|Any CPU.ActiveCfg = Debug|Any CPU
		{EF3B6739-9778-4EBC-BB6A-382159F8F01A}.Debug|Any CPU.Build.0 = Debug|Any CPU
		{EF3B6739-9778-4EBC-BB6A-382159F8F01A}.Release|Any CPU.ActiveCfg = Release|Any CPU
		{EF3B6739-9778-4EBC-BB6A-382159F8F01A}.Release|Any CPU.Build.0 = Release|Any CPU
		{477D51DF-D93C-42A1-AF91-BA329DCE8DDE}.Debug|Any CPU.ActiveCfg = Debug|Any CPU
		{477D51DF-D93C-42A1-AF91-BA329DCE8DDE}.Debug|Any CPU.Build.0 = Debug|Any CPU
		{477D51DF-D93C-42A1-AF91-BA329DCE8DDE}.Release|Any CPU.ActiveCfg = Release|Any CPU
		{477D51DF-D93C-42A1-AF91-BA329DCE8DDE}.Release|Any CPU.Build.0 = Release|Any CPU
		{15CB49A6-263D-4CDC-B256-1F6C0C935354}.Debug|Any CPU.ActiveCfg = Debug|Any CPU
		{15CB49A6-263D-4CDC-B256-1F6C0C935354}.Debug|Any CPU.Build.0 = Debug|Any CPU
		{15CB49A6-263D-4CDC-B256-1F6C0C935354}.Release|Any CPU.ActiveCfg = Release|Any CPU
		{15CB49A6-263D-4CDC-B256-1F6C0C935354}.Release|Any CPU.Build.0 = Release|Any CPU
	EndGlobalSection
	GlobalSection(SolutionProperties) = preSolution
		HideSolutionNode = FALSE
	EndGlobalSection
	GlobalSection(ExtensibilityGlobals) = postSolution
		SolutionGuid = {D089850B-1547-45B3-BA0B-830E5D958C27}
	EndGlobalSection
EndGlobal
